dependencies:
- name: prometheus-operator-crds
  repository: https://prometheus-community.github.io/helm-charts
  version: 13.0.1
- name: prometheus
  repository: https://prometheus-community.github.io/helm-charts
  version: 25.24.1
- name: prometheus-postgres-exporter
  repository: https://prometheus-community.github.io/helm-charts
  version: 6.0.1
digest: sha256:bb6739cdb2f6baafa9d6c67386ac2af24dc2a8bbe757d7abdf1883e9c303a75e
generated: "2024-07-17T20:47:48.664279931-04:00"
