dependencies:
- name: prometheus-operator-crds
  repository: https://prometheus-community.github.io/helm-charts
  version: 13.0.1
- name: prometheus
  repository: https://prometheus-community.github.io/helm-charts
  version: 25.26.0
- name: prometheus-postgres-exporter
  repository: https://prometheus-community.github.io/helm-charts
  version: 6.3.0
digest: sha256:770c2b7372e8a20b8d8fed998b12eaf1dee0f291fe2306fa4d2385937bb249db
generated: "2024-08-20T21:46:40.67072808Z"
