dependencies:
- name: prometheus-operator-crds
  repository: https://prometheus-community.github.io/helm-charts
  version: 12.0.0
- name: prometheus
  repository: https://prometheus-community.github.io/helm-charts
  version: 25.21.0
- name: prometheus-postgres-exporter
  repository: https://prometheus-community.github.io/helm-charts
  version: 6.0.0
digest: sha256:2222feed2500dd61453a38f9e9c966c59a6458a5fae4452c5ce43db9a942a0a6
generated: "2024-06-15T21:41:43.013543391-04:00"
