dependencies:
- name: authentik
  repository: https://charts.goauthentik.io/
  version: 2025.2.1
- name: secrets-store-csi-driver
  repository: https://kubernetes-sigs.github.io/secrets-store-csi-driver/charts
  version: 1.4.0
digest: sha256:2780c5f179eb44b671873d58869bf2c4b9069d1ed060a99c6720590358e9c1dd
generated: "2025-03-04T17:53:52.007118614Z"
