dependencies:
- name: authentik
  repository: https://charts.goauthentik.io/
  version: 2024.6.3
- name: secrets-store-csi-driver
  repository: https://kubernetes-sigs.github.io/secrets-store-csi-driver/charts
  version: 1.4.0
digest: sha256:449aff4ed4a1802f18d47a390849b4fdee2302da1a59f051d7e602f5ba09b1af
generated: "2024-08-20T21:27:51.517719481Z"
