dependencies:
- name: redis
  repository: oci://registry-1.docker.io/bitnamicharts
  version: 20.0.3
- name: postgresql
  repository: oci://registry-1.docker.io/bitnamicharts
  version: 14.2.4
digest: sha256:fa1bfe648802a1169d412db2b32ef2ab0111f88f722bace13d3867a7c6aa3982
generated: "2024-08-20T19:31:18.299438413-04:00"
