dependencies:
- name: redis
  repository: oci://registry-1.docker.io/bitnamicharts
  version: 20.2.2
- name: postgresql
  repository: oci://registry-1.docker.io/bitnamicharts
  version: 14.2.4
digest: sha256:4f0c07fbc1036b2811d15f725c149102ff69629039e85b7b807da24d42e903c1
generated: "2024-11-13T18:21:03.024888022-05:00"
