dependencies:
- name: pipelines
  repository: https://helm.openwebui.com
  version: 0.0.6
- name: tika
  repository: https://apache.jfrog.io/artifactory/tika
  version: 2.9.0
- name: redis
  repository: https://charts.bitnami.com/bitnami
  version: 20.7.0
- name: postgresql
  repository: https://charts.bitnami.com/bitnami
  version: 16.4.6
digest: sha256:9cf37fb4659cdd964815e1ca76bb2c3c217dff3750364ba589f3e866f88f57ee
generated: "2025-02-05T21:59:41.769446381-05:00"
