dependencies:
- name: pipelines
  repository: https://helm.openwebui.com
  version: 0.0.6
- name: tika
  repository: https://apache.jfrog.io/artifactory/tika
  version: 2.9.0
- name: redis
  repository: https://charts.bitnami.com/bitnami
  version: 20.7.0
digest: sha256:0250ca94ff096fd2329d7d98fa2b2384166dc153c076290f69c5fda60262c5ed
generated: "2025-02-04T15:40:23.004402319-05:00"
