dependencies:
- name: pipelines
  repository: https://helm.openwebui.com
  version: 0.0.6
- name: tika
  repository: https://apache.jfrog.io/artifactory/tika
  version: 2.9.0
- name: redis
  repository: https://charts.bitnami.com/bitnami
  version: 20.7.0
digest: sha256:d7baa75266d10d74e935fb4cfe33ffba0df371eb5a8656353cb7937adaa1af56
generated: "2025-02-04T15:49:13.809043169-05:00"
